{
  "lockfileVersion": 2,
  "configVersion": 1,
  "workspaces": {
    "": {
      "name": "casita-watchface",
      "devDependencies": {
        "eta": "^4.6.0",
      },
    },
  },
  "packages": {
    "eta": ["eta@4.6.0", "", {}, "sha512-lW6is4T1NFOYnmqGZIfvixqj7A7sSvScF+DN8EK6K58xI5MZ5UvYe0GjopxOXQtZvUn4eDdVuZ8XSoYWTMEKwA=="],
  }
}
